
Microsoft Visual Studio Solution File, Format Version 12.00
# Visual Studio Version 17
VisualStudioVersion = 17.4.33205.214
MinimumVisualStudioVersion = 10.0.40219.1
Project("{9A19103F-16F7-4668-BE54-9A1E7A4F7556}") = "iig_webapp_test", "iig_webapp_test\iig_webapp_test.csproj", "{C01D979D-A884-4934-A5E5-4C2299D5E987}"
EndProject
Project("{E53339B2-1760-4266-BCC7-CA923CBCF16C}") = "docker-compose", "docker-compose.dcproj", "{612AE377-70B5-43E4-96D2-3B7B4CC051DF}"
EndProject
Global
	GlobalSection(SolutionConfigurationPlatforms) = preSolution
		Debug|Any CPU = Debug|Any CPU
		Release|Any CPU = Release|Any CPU
	EndGlobalSection
	GlobalSection(ProjectConfigurationPlatforms) = postSolution
		{C01D979D-A884-4934-A5E5-4C2299D5E987}.Debug|Any CPU.ActiveCfg = Debug|Any CPU
		{C01D979D-A884-4934-A5E5-4C2299D5E987}.Debug|Any CPU.Build.0 = Debug|Any CPU
		{C01D979D-A884-4934-A5E5-4C2299D5E987}.Release|Any CPU.ActiveCfg = Release|Any CPU
		{C01D979D-A884-4934-A5E5-4C2299D5E987}.Release|Any CPU.Build.0 = Release|Any CPU
		{612AE377-70B5-43E4-96D2-3B7B4CC051DF}.Debug|Any CPU.ActiveCfg = Debug|Any CPU
		{612AE377-70B5-43E4-96D2-3B7B4CC051DF}.Debug|Any CPU.Build.0 = Debug|Any CPU
		{612AE377-70B5-43E4-96D2-3B7B4CC051DF}.Release|Any CPU.ActiveCfg = Release|Any CPU
		{612AE377-70B5-43E4-96D2-3B7B4CC051DF}.Release|Any CPU.Build.0 = Release|Any CPU
	EndGlobalSection
	GlobalSection(SolutionProperties) = preSolution
		HideSolutionNode = FALSE
	EndGlobalSection
	GlobalSection(ExtensibilityGlobals) = postSolution
		SolutionGuid = {706CA84F-320D-489E-BE0F-0732A614D3BC}
	EndGlobalSection
EndGlobal
